
Microsoft Visual Studio Solution File, Format Version 12.00
# Visual Studio Version 16
VisualStudioVersion = 16.0.29411.108
MinimumVisualStudioVersion = 10.0.40219.1
Project("{FAE04EC0-301F-11D3-BF4B-00C04F79EFBC}") = "TeacherAndStudents", "TeacherAndStudents\TeacherAndStudents.csproj", "{D172727F-5AD8-41FC-81FD-01B7975A48DF}"
EndProject
Global
	GlobalSection(SolutionConfigurationPlatforms) = preSolution
		Debug|Any CPU = Debug|Any CPU
		Release|Any CPU = Release|Any CPU
	EndGlobalSection
	GlobalSection(ProjectConfigurationPlatforms) = postSolution
		{D172727F-5AD8-41FC-81FD-01B7975A48DF}.Debug|Any CPU.ActiveCfg = Debug|Any CPU
		{D172727F-5AD8-41FC-81FD-01B7975A48DF}.Debug|Any CPU.Build.0 = Debug|Any CPU
		{D172727F-5AD8-41FC-81FD-01B7975A48DF}.Release|Any CPU.ActiveCfg = Release|Any CPU
		{D172727F-5AD8-41FC-81FD-01B7975A48DF}.Release|Any CPU.Build.0 = Release|Any CPU
	EndGlobalSection
	GlobalSection(SolutionProperties) = preSolution
		HideSolutionNode = FALSE
	EndGlobalSection
	GlobalSection(ExtensibilityGlobals) = postSolution
		SolutionGuid = {BA4BA30C-B101-49F6-8ECE-26243ABEA98E}
	EndGlobalSection
EndGlobal
