
Microsoft Visual Studio Solution File, Format Version 12.00
# Visual Studio Version 16
VisualStudioVersion = 16.0.29411.108
MinimumVisualStudioVersion = 10.0.40219.1
Project("{FAE04EC0-301F-11D3-BF4B-00C04F79EFBC}") = "DEV-2_ConsoleString", "DEV-2_ConsoleString\DEV-2_ConsoleString.csproj", "{F26073AD-C7A4-41E1-9674-D57C121D6B21}"
EndProject
Global
	GlobalSection(SolutionConfigurationPlatforms) = preSolution
		Debug|Any CPU = Debug|Any CPU
		Release|Any CPU = Release|Any CPU
	EndGlobalSection
	GlobalSection(ProjectConfigurationPlatforms) = postSolution
		{F26073AD-C7A4-41E1-9674-D57C121D6B21}.Debug|Any CPU.ActiveCfg = Debug|Any CPU
		{F26073AD-C7A4-41E1-9674-D57C121D6B21}.Debug|Any CPU.Build.0 = Debug|Any CPU
		{F26073AD-C7A4-41E1-9674-D57C121D6B21}.Release|Any CPU.ActiveCfg = Release|Any CPU
		{F26073AD-C7A4-41E1-9674-D57C121D6B21}.Release|Any CPU.Build.0 = Release|Any CPU
	EndGlobalSection
	GlobalSection(SolutionProperties) = preSolution
		HideSolutionNode = FALSE
	EndGlobalSection
	GlobalSection(ExtensibilityGlobals) = postSolution
		SolutionGuid = {CFAF7EA1-DB17-4491-9F47-C58C28677187}
	EndGlobalSection
EndGlobal
